
Microsoft Visual Studio Solution File, Format Version 12.00
# Visual Studio Version 17
VisualStudioVersion = 17.9.34321.82
MinimumVisualStudioVersion = 10.0.40219.1
Project("{FAE04EC0-301F-11D3-BF4B-00C04F79EFBC}") = "DigitalTwin.Api", "DigitalTwin.Api\DigitalTwin.Api.csproj", "{C73821C1-D480-4E20-AF4E-E50CD6B5967F}"
EndProject
Global
	GlobalSection(SolutionConfigurationPlatforms) = preSolution
		Debug|Any CPU = Debug|Any CPU
		Release|Any CPU = Release|Any CPU
	EndGlobalSection
	GlobalSection(ProjectConfigurationPlatforms) = postSolution
		{C73821C1-D480-4E20-AF4E-E50CD6B5967F}.Debug|Any CPU.ActiveCfg = Debug|Any CPU
		{C73821C1-D480-4E20-AF4E-E50CD6B5967F}.Debug|Any CPU.Build.0 = Debug|Any CPU
		{C73821C1-D480-4E20-AF4E-E50CD6B5967F}.Release|Any CPU.ActiveCfg = Release|Any CPU
		{C73821C1-D480-4E20-AF4E-E50CD6B5967F}.Release|Any CPU.Build.0 = Release|Any CPU
	EndGlobalSection
	GlobalSection(SolutionProperties) = preSolution
		HideSolutionNode = FALSE
	EndGlobalSection
	GlobalSection(ExtensibilityGlobals) = postSolution
		SolutionGuid = {0BC2C19F-7BDB-4505-9C77-57F0C7720DDA}
	EndGlobalSection
EndGlobal
